// !$*UTF8*$!
{
	archiveVersion = 1;
	classes = {
	};
	objectVersion = 46;
	objects = {

/* Begin PBXBuildFile section */
		409B7D9D1DB4D12000228060 /* 123.gif in Resources */ = {isa = PBXBuildFile; fileRef = 409B7D9C1DB4D12000228060 /* 123.gif */; };
		40B9F9791DAE09E9002B98BB /* MainTabViewController.swift in Sources */ = {isa = PBXBuildFile; fileRef = 40B9F9781DAE09E9002B98BB /* MainTabViewController.swift */; };
		40B9F97B1DAE0A24002B98BB /* settingViewController.swift in Sources */ = {isa = PBXBuildFile; fileRef = 40B9F97A1DAE0A24002B98BB /* settingViewController.swift */; };
		40B9F97D1DAE0A4B002B98BB /* MainViewController.swift in Sources */ = {isa = PBXBuildFile; fileRef = 40B9F97C1DAE0A4B002B98BB /* MainViewController.swift */; };
		40B9F9801DAE1BFD002B98BB /* TileView.swift in Sources */ = {isa = PBXBuildFile; fileRef = 40B9F97F1DAE1BFD002B98BB /* TileView.swift */; };
		40B9F9831DAE2562002B98BB /* GameModel.swift in Sources */ = {isa = PBXBuildFile; fileRef = 40B9F9821DAE2562002B98BB /* GameModel.swift */; };
		40C1175F1DAB9F2C007F129A /* AppDelegate.swift in Sources */ = {isa = PBXBuildFile; fileRef = 40C1175E1DAB9F2C007F129A /* AppDelegate.swift */; };
		40C117611DAB9F2C007F129A /* ViewController.swift in Sources */ = {isa = PBXBuildFile; fileRef = 40C117601DAB9F2C007F129A /* ViewController.swift */; };
		40C117641DAB9F2C007F129A /* Main.storyboard in Resources */ = {isa = PBXBuildFile; fileRef = 40C117621DAB9F2C007F129A /* Main.storyboard */; };
		40C117661DAB9F2C007F129A /* Assets.xcassets in Resources */ = {isa = PBXBuildFile; fileRef = 40C117651DAB9F2C007F129A /* Assets.xcassets */; };
		40C117691DAB9F2C007F129A /* LaunchScreen.storyboard in Resources */ = {isa = PBXBuildFile; fileRef = 40C117671DAB9F2C007F129A /* LaunchScreen.storyboard */; };
/* End PBXBuildFile section */

/* Begin PBXFileReference section */
		409B7D9C1DB4D12000228060 /* 123.gif */ = {isa = PBXFileReference; lastKnownFileType = image.gif; path = 123.gif; sourceTree = "<group>"; };
		40B9F9781DAE09E9002B98BB /* MainTabViewController.swift */ = {isa = PBXFileReference; fileEncoding = 4; lastKnownFileType = sourcecode.swift; path = MainTabViewController.swift; sourceTree = "<group>"; };
		40B9F97A1DAE0A24002B98BB /* settingViewController.swift */ = {isa = PBXFileReference; fileEncoding = 4; lastKnownFileType = sourcecode.swift; path = settingViewController.swift; sourceTree = "<group>"; };
		40B9F97C1DAE0A4B002B98BB /* MainViewController.swift */ = {isa = PBXFileReference; fileEncoding = 4; lastKnownFileType = sourcecode.swift; path = MainViewController.swift; sourceTree = "<group>"; };
		40B9F97F1DAE1BFD002B98BB /* TileView.swift */ = {isa = PBXFileReference; fileEncoding = 4; lastKnownFileType = sourcecode.swift; path = TileView.swift; sourceTree = "<group>"; };
		40B9F9821DAE2562002B98BB /* GameModel.swift */ = {isa = PBXFileReference; fileEncoding = 4; lastKnownFileType = sourcecode.swift; path = GameModel.swift; sourceTree = "<group>"; };
		40C1175B1DAB9F2C007F129A /* Swift2048.app */ = {isa = PBXFileReference; explicitFileType = wrapper.application; includeInIndex = 0; path = Swift2048.app; sourceTree = BUILT_PRODUCTS_DIR; };
		40C1175E1DAB9F2C007F129A /* AppDelegate.swift */ = {isa = PBXFileReference; lastKnownFileType = sourcecode.swift; path = AppDelegate.swift; sourceTree = "<group>"; };
		40C117601DAB9F2C007F129A /* ViewController.swift */ = {isa = PBXFileReference; lastKnownFileType = sourcecode.swift; path = ViewController.swift; sourceTree = "<group>"; };
		40C117631DAB9F2C007F129A /* Base */ = {isa = PBXFileReference; lastKnownFileType = file.storyboard; name = Base; path = Base.lproj/Main.storyboard; sourceTree = "<group>"; };
		40C117651DAB9F2C007F129A /* Assets.xcassets */ = {isa = PBXFileReference; lastKnownFileType = folder.assetcatalog; path = Assets.xcassets; sourceTree = "<group>"; };
		40C117681DAB9F2C007F129A /* Base */ = {isa = PBXFileReference; lastKnownFileType = file.storyboard; name = Base; path = Base.lproj/LaunchScreen.storyboard; sourceTree = "<group>"; };
		40C1176A1DAB9F2C007F129A /* Info.plist */ = {isa = PBXFileReference; lastKnownFileType = text.plist.xml; path = Info.plist; sourceTree = "<group>"; };
/* End PBXFileReference section */

/* Begin PBXFrameworksBuildPhase section */
		40C117581DAB9F2C007F129A /* Frameworks */ = {
			isa = PBXFrameworksBuildPhase;
			buildActionMask = 2147483647;
			files = (
			);
			runOnlyForDeploymentPostprocessing = 0;
		};
/* End PBXFrameworksBuildPhase section */

/* Begin PBXGroup section */
		40B9F97E1DAE1BDC002B98BB /* View */ = {
			isa = PBXGroup;
			children = (
				40B9F97F1DAE1BFD002B98BB /* TileView.swift */,
			);
			name = View;
			sourceTree = "<group>";
		};
		40B9F9811DAE2541002B98BB /* Model */ = {
			isa = PBXGroup;
			children = (
				40B9F9821DAE2562002B98BB /* GameModel.swift */,
			);
			name = Model;
			sourceTree = "<group>";
		};
		40C117521DAB9F2C007F129A = {
			isa = PBXGroup;
			children = (
				40C1175D1DAB9F2C007F129A /* Swift2048 */,
				40C1175C1DAB9F2C007F129A /* Products */,
			);
			sourceTree = "<group>";
		};
		40C1175C1DAB9F2C007F129A /* Products */ = {
			isa = PBXGroup;
			children = (
				40C1175B1DAB9F2C007F129A /* Swift2048.app */,
			);
			name = Products;
			sourceTree = "<group>";
		};
		40C1175D1DAB9F2C007F129A /* Swift2048 */ = {
			isa = PBXGroup;
			children = (
				40B9F9811DAE2541002B98BB /* Model */,
				40B9F97E1DAE1BDC002B98BB /* View */,
				40C1175E1DAB9F2C007F129A /* AppDelegate.swift */,
				40C117601DAB9F2C007F129A /* ViewController.swift */,
				40C117621DAB9F2C007F129A /* Main.storyboard */,
				40C117651DAB9F2C007F129A /* Assets.xcassets */,
				40C117671DAB9F2C007F129A /* LaunchScreen.storyboard */,
				40C1176A1DAB9F2C007F129A /* Info.plist */,
				40B9F9781DAE09E9002B98BB /* MainTabViewController.swift */,
				40B9F97A1DAE0A24002B98BB /* settingViewController.swift */,
				40B9F97C1DAE0A4B002B98BB /* MainViewController.swift */,
				409B7D9C1DB4D12000228060 /* 123.gif */,
			);
			path = Swift2048;
			sourceTree = "<group>";
		};
/* End PBXGroup section */

/* Begin PBXNativeTarget section */
		40C1175A1DAB9F2C007F129A /* Swift2048 */ = {
			isa = PBXNativeTarget;
			buildConfigurationList = 40C1176D1DAB9F2C007F129A /* Build configuration list for PBXNativeTarget "Swift2048" */;
			buildPhases = (
				40C117571DAB9F2C007F129A /* Sources */,
				40C117581DAB9F2C007F129A /* Frameworks */,
				40C117591DAB9F2C007F129A /* Resources */,
			);
			buildRules = (
			);
			dependencies = (
			);
			name = Swift2048;
			productName = Swift2048;
			productReference = 40C1175B1DAB9F2C007F129A /* Swift2048.app */;
			productType = "com.apple.product-type.application";
		};
/* End PBXNativeTarget section */

/* Begin PBXProject section */
		40C117531DAB9F2C007F129A /* Project object */ = {
			isa = PBXProject;
			attributes = {
				LastSwiftUpdateCheck = 0800;
				LastUpgradeCheck = 0800;
				ORGANIZATIONNAME = Felix;
				TargetAttributes = {
					40C1175A1DAB9F2C007F129A = {
						CreatedOnToolsVersion = 8.0;
						DevelopmentTeam = 3U83R3WVCJ;
						ProvisioningStyle = Automatic;
					};
				};
			};
			buildConfigurationList = 40C117561DAB9F2C007F129A /* Build configuration list for PBXProject "Swift2048" */;
			compatibilityVersion = "Xcode 3.2";
			developmentRegion = English;
			hasScannedForEncodings = 0;
			knownRegions = (
				English,
				en,
				Base,
			);
			mainGroup = 40C117521DAB9F2C007F129A;
			productRefGroup = 40C1175C1DAB9F2C007F129A /* Products */;
			projectDirPath = "";
			projectRoot = "";
			targets = (
				40C1175A1DAB9F2C007F129A /* Swift2048 */,
			);
		};
/* End PBXProject section */

/* Begin PBXResourcesBuildPhase section */
		40C117591DAB9F2C007F129A /* Resources */ = {
			isa = PBXResourcesBuildPhase;
			buildActionMask = 2147483647;
			files = (
				40C117691DAB9F2C007F129A /* LaunchScreen.storyboard in Resources */,
				409B7D9D1DB4D12000228060 /* 123.gif in Resources */,
				40C117661DAB9F2C007F129A /* Assets.xcassets in Resources */,
				40C117641DAB9F2C007F129A /* Main.storyboard in Resources */,
			);
			runOnlyForDeploymentPostprocessing = 0;
		};
/* End PBXResourcesBuildPhase section */

/* Begin PBXSourcesBuildPhase section */
		40C117571DAB9F2C007F129A /* Sources */ = {
			isa = PBXSourcesBuildPhase;
			buildActionMask = 2147483647;
			files = (
				40C117611DAB9F2C007F129A /* ViewController.swift in Sources */,
				40C1175F1DAB9F2C007F129A /* AppDelegate.swift in Sources */,
				40B9F9791DAE09E9002B98BB /* MainTabViewController.swift in Sources */,
				40B9F97B1DAE0A24002B98BB /* settingViewController.swift in Sources */,
				40B9F9801DAE1BFD002B98BB /* TileView.swift in Sources */,
				40B9F9831DAE2562002B98BB /* GameModel.swift in Sources */,
				40B9F97D1DAE0A4B002B98BB /* MainViewController.swift in Sources */,
			);
			runOnlyForDeploymentPostprocessing = 0;
		};
/* End PBXSourcesBuildPhase section */

/* Begin PBXVariantGroup section */
		40C117621DAB9F2C007F129A /* Main.storyboard */ = {
			isa = PBXVariantGroup;
			children = (
				40C117631DAB9F2C007F129A /* Base */,
			);
			name = Main.storyboard;
			sourceTree = "<group>";
		};
		40C117671DAB9F2C007F129A /* LaunchScreen.storyboard */ = {
			isa = PBXVariantGroup;
			children = (
				40C117681DAB9F2C007F129A /* Base */,
			);
			name = LaunchScreen.storyboard;
			sourceTree = "<group>";
		};
/* End PBXVariantGroup section */

/* Begin XCBuildConfiguration section */
		40C1176B1DAB9F2C007F129A /* Debug */ = {
			isa = XCBuildConfiguration;
			buildSettings = {
				ALWAYS_SEARCH_USER_PATHS = NO;
				CLANG_ANALYZER_NONNULL = YES;
				CLANG_CXX_LANGUAGE_STANDARD = "gnu++0x";
				CLANG_CXX_LIBRARY = "libc++";
				CLANG_ENABLE_MODULES = YES;
				CLANG_ENABLE_OBJC_ARC = YES;
				CLANG_WARN_BOOL_CONVERSION = YES;
				CLANG_WARN_CONSTANT_CONVERSION = YES;
				CLANG_WARN_DIRECT_OBJC_ISA_USAGE = YES_ERROR;
				CLANG_WARN_DOCUMENTATION_COMMENTS = YES;
				CLANG_WARN_EMPTY_BODY = YES;
				CLANG_WARN_ENUM_CONVERSION = YES;
				CLANG_WARN_INFINITE_RECURSION = YES;
				CLANG_WARN_INT_CONVERSION = YES;
				CLANG_WARN_OBJC_ROOT_CLASS = YES_ERROR;
				CLANG_WARN_SUSPICIOUS_MOVES = YES;
				CLANG_WARN_UNREACHABLE_CODE = YES;
				CLANG_WARN__DUPLICATE_METHOD_MATCH = YES;
				"CODE_SIGN_IDENTITY[sdk=iphoneos*]" = "iPhone Developer";
				COPY_PHASE_STRIP = NO;
				DEBUG_INFORMATION_FORMAT = dwarf;
				ENABLE_STRICT_OBJC_MSGSEND = YES;
				ENABLE_TESTABILITY = YES;
				GCC_C_LANGUAGE_STANDARD = gnu99;
				GCC_DYNAMIC_NO_PIC = NO;
				GCC_NO_COMMON_BLOCKS = YES;
				GCC_OPTIMIZATION_LEVEL = 0;
				GCC_PREPROCESSOR_DEFINITIONS = (
					"DEBUG=1",
					"$(inherited)",
				);
				GCC_WARN_64_TO_32_BIT_CONVERSION = YES;
				GCC_WARN_ABOUT_RETURN_TYPE = YES_ERROR;
				GCC_WARN_UNDECLARED_SELECTOR = YES;
				GCC_WARN_UNINITIALIZED_AUTOS = YES_AGGRESSIVE;
				GCC_WARN_UNUSED_FUNCTION = YES;
				GCC_WARN_UNUSED_VARIABLE = YES;
				IPHONEOS_DEPLOYMENT_TARGET = 10.0;
				MTL_ENABLE_DEBUG_INFO = YES;
				ONLY_ACTIVE_ARCH = YES;
				SDKROOT = iphoneos;
				SWIFT_ACTIVE_COMPILATION_CONDITIONS = DEBUG;
				SWIFT_OPTIMIZATION_LEVEL = "-Onone";
			};
			name = Debug;
		};
		40C1176C1DAB9F2C007F129A /* Release */ = {
			isa = XCBuildConfiguration;
			buildSettings = {
				ALWAYS_SEARCH_USER_PATHS = NO;
				CLANG_ANALYZER_NONNULL = YES;
				CLANG_CXX_LANGUAGE_STANDARD = "gnu++0x";
				CLANG_CXX_LIBRARY = "libc++";
				CLANG_ENABLE_MODULES = YES;
				CLANG_ENABLE_OBJC_ARC = YES;
				CLANG_WARN_BOOL_CONVERSION = YES;
				CLANG_WARN_CONSTANT_CONVERSION = YES;
				CLANG_WARN_DIRECT_OBJC_ISA_USAGE = YES_ERROR;
				CLANG_WARN_DOCUMENTATION_COMMENTS = YES;
				CLANG_WARN_EMPTY_BODY = YES;
				CLANG_WARN_ENUM_CONVERSION = YES;
				CLANG_WARN_INFINITE_RECURSION = YES;
				CLANG_WARN_INT_CONVERSION = YES;
				CLANG_WARN_OBJC_ROOT_CLASS = YES_ERROR;
				CLANG_WARN_SUSPICIOUS_MOVES = YES;
				CLANG_WARN_UNREACHABLE_CODE = YES;
				CLANG_WARN__DUPLICATE_METHOD_MATCH = YES;
				"CODE_SIGN_IDENTITY[sdk=iphoneos*]" = "iPhone Developer";
				COPY_PHASE_STRIP = NO;
				DEBUG_INFORMATION_FORMAT = "dwarf-with-dsym";
				ENABLE_NS_ASSERTIONS = NO;
				ENABLE_STRICT_OBJC_MSGSEND = YES;
				GCC_C_LANGUAGE_STANDARD = gnu99;
				GCC_NO_COMMON_BLOCKS = YES;
				GCC_WARN_64_TO_32_BIT_CONVERSION = YES;
				GCC_WARN_ABOUT_RETURN_TYPE = YES_ERROR;
				GCC_WARN_UNDECLARED_SELECTOR = YES;
				GCC_WARN_UNINITIALIZED_AUTOS = YES_AGGRESSIVE;
				GCC_WARN_UNUSED_FUNCTION = YES;
				GCC_WARN_UNUSED_VARIABLE = YES;
				IPHONEOS_DEPLOYMENT_TARGET = 10.0;
				MTL_ENABLE_DEBUG_INFO = NO;
				SDKROOT = iphoneos;
				SWIFT_OPTIMIZATION_LEVEL = "-Owholemodule";
				VALIDATE_PRODUCT = YES;
			};
			name = Release;
		};
		40C1176E1DAB9F2C007F129A /* Debug */ = {
			isa = XCBuildConfiguration;
			buildSettings = {
				ASSETCATALOG_COMPILER_APPICON_NAME = AppIcon;
				DEVELOPMENT_TEAM = 3U83R3WVCJ;
				INFOPLIST_FILE = Swift2048/Info.plist;
				LD_RUNPATH_SEARCH_PATHS = "$(inherited) @executable_path/Frameworks";
				PRODUCT_BUNDLE_IDENTIFIER = com.felix.Swift2048;
				PRODUCT_NAME = "$(TARGET_NAME)";
				SWIFT_VERSION = 5.0;
			};
			name = Debug;
		};
		40C1176F1DAB9F2C007F129A /* Release */ = {
			isa = XCBuildConfiguration;
			buildSettings = {
				ASSETCATALOG_COMPILER_APPICON_NAME = AppIcon;
				DEVELOPMENT_TEAM = 3U83R3WVCJ;
				INFOPLIST_FILE = Swift2048/Info.plist;
				LD_RUNPATH_SEARCH_PATHS = "$(inherited) @executable_path/Frameworks";
				PRODUCT_BUNDLE_IDENTIFIER = com.felix.Swift2048;
				PRODUCT_NAME = "$(TARGET_NAME)";
				SWIFT_VERSION = 5.0;
			};
			name = Release;
		};
/* End XCBuildConfiguration section */

/* Begin XCConfigurationList section */
		40C117561DAB9F2C007F129A /* Build configuration list for PBXProject "Swift2048" */ = {
			isa = XCConfigurationList;
			buildConfigurations = (
				40C1176B1DAB9F2C007F129A /* Debug */,
				40C1176C1DAB9F2C007F129A /* Release */,
			);
			defaultConfigurationIsVisible = 0;
			defaultConfigurationName = Release;
		};
		40C1176D1DAB9F2C007F129A /* Build configuration list for PBXNativeTarget "Swift2048" */ = {
			isa = XCConfigurationList;
			buildConfigurations = (
				40C1176E1DAB9F2C007F129A /* Debug */,
				40C1176F1DAB9F2C007F129A /* Release */,
			);
			defaultConfigurationIsVisible = 0;
			defaultConfigurationName = Release;
		};
/* End XCConfigurationList section */
	};
	rootObject = 40C117531DAB9F2C007F129A /* Project object */;
}
